[[package]]
name = "appnope"
version = "0.1.3"
description = "Disable App Nap on macOS >= 10.9"
category = "main"
optional = false
python-versions = "*"

[[package]]
name = "asgiref"
version = "3.5.2"
description = "ASGI specs, helper code, and adapters"
category = "main"
optional = false
python-versions = ">=3.7"

[package.extras]
tests = ["pytest", "pytest-asyncio", "mypy (>=0.800)"]

[[package]]
name = "asttokens"
version = "2.0.8"
description = "Annotate AST trees with source code positions"
category = "main"
optional = false
python-versions = "*"

[package.dependencies]
six = "*"

[package.extras]
test = ["astroid (<=2.5.3)", "pytest"]

[[package]]
name = "backcall"
version = "0.2.0"
description = "Specifications for callback functions passed in to an API"
category = "main"
optional = false
python-versions = "*"

[[package]]
name = "colorama"
version = "0.4.5"
description = "Cross-platform colored terminal text."
category = "main"
optional = false
python-versions = ">=2.7, !=3.0.*, !=3.1.*, !=3.2.*, !=3.3.*, !=3.4.*"

[[package]]
name = "decorator"
version = "5.1.1"
description = "Decorators for Humans"
category = "main"
optional = false
python-versions = ">=3.5"

[[package]]
name = "django"
version = "4.1"
description = "A high-level Python web framework that encourages rapid development and clean, pragmatic design."
category = "main"
optional = false
python-versions = ">=3.8"

[package.dependencies]
asgiref = ">=3.5.2,<4"
sqlparse = ">=0.2.2"
tzdata = {version = "*", markers = "sys_platform == \"win32\""}

[package.extras]
argon2 = ["argon2-cffi (>=19.1.0)"]
bcrypt = ["bcrypt"]

[[package]]
name = "django-render-block"
version = "0.9.1"
description = "Render a particular block from a template to a string."
category = "main"
optional = false
python-versions = ">=3.6"

[package.dependencies]
django = ">=2.2"

[package.extras]
dev = ["Jinja2 (>=2.8)"]

[[package]]
name = "executing"
version = "1.0.0"
description = "Get the currently executing AST node of a frame, and other information"
category = "main"
optional = false
python-versions = "*"

[[package]]
name = "faker"
version = "14.2.0"
description = "Faker is a Python package that generates fake data for you."
category = "main"
optional = false
python-versions = ">=3.6"

[package.dependencies]
python-dateutil = ">=2.4"

[[package]]
name = "ipython"
version = "8.4.0"
description = "IPython: Productive Interactive Computing"
category = "main"
optional = false
python-versions = ">=3.8"

[package.dependencies]
appnope = {version = "*", markers = "sys_platform == \"darwin\""}
backcall = "*"
colorama = {version = "*", markers = "sys_platform == \"win32\""}
decorator = "*"
jedi = ">=0.16"
matplotlib-inline = "*"
pexpect = {version = ">4.3", markers = "sys_platform != \"win32\""}
pickleshare = "*"
prompt-toolkit = ">=2.0.0,<3.0.0 || >3.0.0,<3.0.1 || >3.0.1,<3.1.0"
pygments = ">=2.4.0"
stack-data = "*"
traitlets = ">=5"

[package.extras]
all = ["black", "Sphinx (>=1.3)", "ipykernel", "nbconvert", "nbformat", "ipywidgets", "notebook", "ipyparallel", "qtconsole", "pytest (<7.1)", "pytest-asyncio", "testpath", "curio", "matplotlib (!=3.2.0)", "numpy (>=1.19)", "pandas", "trio"]
black = ["black"]
doc = ["Sphinx (>=1.3)"]
kernel = ["ipykernel"]
nbconvert = ["nbconvert"]
nbformat = ["nbformat"]
notebook = ["ipywidgets", "notebook"]
parallel = ["ipyparallel"]
qtconsole = ["qtconsole"]
test = ["pytest (<7.1)", "pytest-asyncio", "testpath"]
test_extra = ["pytest (<7.1)", "pytest-asyncio", "testpath", "curio", "matplotlib (!=3.2.0)", "nbformat", "numpy (>=1.19)", "pandas", "trio"]

[[package]]
name = "jedi"
version = "0.18.1"
description = "An autocompletion tool for Python that can be used for text editors."
category = "main"
optional = false
python-versions = ">=3.6"

[package.dependencies]
parso = ">=0.8.0,<0.9.0"

[package.extras]
qa = ["flake8 (==3.8.3)", "mypy (==0.782)"]
testing = ["Django (<3.1)", "colorama", "docopt", "pytest (<7.0.0)"]

[[package]]
name = "matplotlib-inline"
version = "0.1.6"
description = "Inline Matplotlib backend for Jupyter"
category = "main"
optional = false
python-versions = ">=3.5"

[package.dependencies]
traitlets = "*"

[[package]]
name = "parso"
version = "0.8.3"
description = "A Python Parser"
category = "main"
optional = false
python-versions = ">=3.6"

[package.extras]
qa = ["flake8 (==3.8.3)", "mypy (==0.782)"]
testing = ["docopt", "pytest (<6.0.0)"]

[[package]]
name = "pexpect"
version = "4.8.0"
description = "Pexpect allows easy control of interactive console applications."
category = "main"
optional = false
python-versions = "*"

[package.dependencies]
ptyprocess = ">=0.5"

[[package]]
name = "pickleshare"
version = "0.7.5"
description = "Tiny 'shelve'-like database with concurrency support"
category = "main"
optional = false
python-versions = "*"

[[package]]
name = "prompt-toolkit"
version = "3.0.31"
description = "Library for building powerful interactive command lines in Python"
category = "main"
optional = false
python-versions = ">=3.6.2"

[package.dependencies]
wcwidth = "*"

[[package]]
name = "ptyprocess"
version = "0.7.0"
description = "Run a subprocess in a pseudo terminal"
category = "main"
optional = false
python-versions = "*"

[[package]]
name = "pure-eval"
version = "0.2.2"
description = "Safely evaluate AST nodes without side effects"
category = "main"
optional = false
python-versions = "*"

[package.extras]
tests = ["pytest"]

[[package]]
name = "pygments"
version = "2.13.0"
description = "Pygments is a syntax highlighting package written in Python."
category = "main"
optional = false
python-versions = ">=3.6"

[package.extras]
plugins = ["importlib-metadata"]

[[package]]
name = "python-dateutil"
version = "2.8.2"
description = "Extensions to the standard Python datetime module"
category = "main"
optional = false
python-versions = "!=3.0.*,!=3.1.*,!=3.2.*,>=2.7"

[package.dependencies]
six = ">=1.5"

[[package]]
name = "six"
version = "1.16.0"
description = "Python 2 and 3 compatibility utilities"
category = "main"
optional = false
python-versions = ">=2.7, !=3.0.*, !=3.1.*, !=3.2.*"

[[package]]
name = "sqlparse"
version = "0.4.2"
description = "A non-validating SQL parser."
category = "main"
optional = false
python-versions = ">=3.5"

[[package]]
name = "stack-data"
version = "0.5.0"
description = "Extract data from python stack frames and tracebacks for informative displays"
category = "main"
optional = false
python-versions = "*"

[package.dependencies]
asttokens = "*"
executing = "*"
pure-eval = "*"

[package.extras]
tests = ["pytest", "typeguard", "pygments", "littleutils", "cython"]

[[package]]
name = "traitlets"
version = "5.3.0"
description = ""
category = "main"
optional = false
python-versions = ">=3.7"

[package.extras]
test = ["pre-commit", "pytest"]

[[package]]
name = "tzdata"
version = "2022.2"
description = "Provider of IANA time zone data"
category = "main"
optional = false
python-versions = ">=2"

[[package]]
name = "wcwidth"
version = "0.2.5"
description = "Measures the displayed width of unicode strings in a terminal"
category = "main"
optional = false
python-versions = "*"

[metadata]
lock-version = "1.1"
python-versions = "^3.10"
content-hash = "3094a78bddbf86a62ccaf3afaf2aacc0b2487448c488e53a3b6cbeb15aeecb06"

[metadata.files]
appnope = []
asgiref = []
asttokens = []
backcall = []
colorama = []
decorator = []
django = []
django-render-block = [
    {file = "django-render-block-0.9.1.tar.gz", hash = "sha256:a01bfdb839e2f6b3f88a99021597484392bbd15d084f9a796e3e5658bae800f4"},
    {file = "django_render_block-0.9.1-py3-none-any.whl", hash = "sha256:fbdd8be56cefcfd794756a2e62117cc031f9c5de3ef4bb53e9a3f877a359a1a7"},
]
executing = []
faker = []
ipython = []
jedi = []
matplotlib-inline = []
parso = []
pexpect = []
pickleshare = []
prompt-toolkit = [
    {file = "prompt_toolkit-3.0.31-py3-none-any.whl", hash = "sha256:9696f386133df0fc8ca5af4895afe5d78f5fcfe5258111c2a79a1c3e41ffa96d"},
    {file = "prompt_toolkit-3.0.31.tar.gz", hash = "sha256:9ada952c9d1787f52ff6d5f3484d0b4df8952787c087edf6a1f7c2cb1ea88148"},
]
ptyprocess = [
    {file = "ptyprocess-0.7.0-py2.py3-none-any.whl", hash = "sha256:4b41f3967fce3af57cc7e94b888626c18bf37a083e3651ca8feeb66d492fef35"},
    {file = "ptyprocess-0.7.0.tar.gz", hash = "sha256:5c5d0a3b48ceee0b48485e0c26037c0acd7d29765ca3fbb5cb3831d347423220"},
]
pure-eval = []
pygments = []
python-dateutil = []
six = []
sqlparse = []
stack-data = [
    {file = "stack_data-0.5.0-py3-none-any.whl", hash = "sha256:66d2ebd3d7f29047612ead465b6cae5371006a71f45037c7e2507d01367bce3b"},
    {file = "stack_data-0.5.0.tar.gz", hash = "sha256:715c8855fbf5c43587b141e46cc9d9339cc0d1f8d6e0f98ed0d01c6cb974e29f"},
]
traitlets = []
tzdata = []
wcwidth = []
